
Microsoft Visual Studio Solution File, Format Version 12.00
# Visual Studio Version 17
VisualStudioVersion = 17.5.002.0
MinimumVisualStudioVersion = 10.0.40219.1
Project("{9A19103F-16F7-4668-BE54-9A1E7A4F7556}") = "StudentManagement", "StudentManagement.csproj", "{62208FDB-9A43-4815-8953-B899DB1BF2CD}"
EndProject
Global
	GlobalSection(SolutionConfigurationPlatforms) = preSolution
		Debug|Any CPU = Debug|Any CPU
		Release|Any CPU = Release|Any CPU
	EndGlobalSection
	GlobalSection(ProjectConfigurationPlatforms) = postSolution
		{62208FDB-9A43-4815-8953-B899DB1BF2CD}.Debug|Any CPU.ActiveCfg = Debug|Any CPU
		{62208FDB-9A43-4815-8953-B899DB1BF2CD}.Debug|Any CPU.Build.0 = Debug|Any CPU
		{62208FDB-9A43-4815-8953-B899DB1BF2CD}.Release|Any CPU.ActiveCfg = Release|Any CPU
		{62208FDB-9A43-4815-8953-B899DB1BF2CD}.Release|Any CPU.Build.0 = Release|Any CPU
	EndGlobalSection
	GlobalSection(SolutionProperties) = preSolution
		HideSolutionNode = FALSE
	EndGlobalSection
	GlobalSection(ExtensibilityGlobals) = postSolution
		SolutionGuid = {7ABF1FD7-0BAB-4E8A-A265-3C539A023E78}
	EndGlobalSection
EndGlobal
